// !$*UTF8*$!
{
	archiveVersion = 1;
	classes = {
	};
	objectVersion = 50;
	objects = {

/* Begin PBXBuildFile section */
		BFA2B52E2535E6B300217A67 /* AppDelegate.swift in Sources */ = {isa = PBXBuildFile; fileRef = BFA2B52D2535E6B300217A67 /* AppDelegate.swift */; };
		BFA2B5302535E6B300217A67 /* art.scnassets in Resources */ = {isa = PBXBuildFile; fileRef = BFA2B52F2535E6B300217A67 /* art.scnassets */; };
		BFA2B5322535E6B300217A67 /* ViewController.swift in Sources */ = {isa = PBXBuildFile; fileRef = BFA2B5312535E6B300217A67 /* ViewController.swift */; };
		BFA2B5352535E6B300217A67 /* Main.storyboard in Resources */ = {isa = PBXBuildFile; fileRef = BFA2B5332535E6B300217A67 /* Main.storyboard */; };
		BFA2B5372535E6B400217A67 /* Assets.xcassets in Resources */ = {isa = PBXBuildFile; fileRef = BFA2B5362535E6B400217A67 /* Assets.xcassets */; };
		BFA2B53A2535E6B400217A67 /* LaunchScreen.storyboard in Resources */ = {isa = PBXBuildFile; fileRef = BFA2B5382535E6B400217A67 /* LaunchScreen.storyboard */; };
		BFA2B5432535E6FC00217A67 /* harrypotter.mp4 in Resources */ = {isa = PBXBuildFile; fileRef = BFA2B5422535E6FC00217A67 /* harrypotter.mp4 */; };
/* End PBXBuildFile section */

/* Begin PBXFileReference section */
		BFA2B52A2535E6B300217A67 /* MagicPaper.app */ = {isa = PBXFileReference; explicitFileType = wrapper.application; includeInIndex = 0; path = MagicPaper.app; sourceTree = BUILT_PRODUCTS_DIR; };
		BFA2B52D2535E6B300217A67 /* AppDelegate.swift */ = {isa = PBXFileReference; lastKnownFileType = sourcecode.swift; path = AppDelegate.swift; sourceTree = "<group>"; };
		BFA2B52F2535E6B300217A67 /* art.scnassets */ = {isa = PBXFileReference; lastKnownFileType = wrapper.scnassets; path = art.scnassets; sourceTree = "<group>"; };
		BFA2B5312535E6B300217A67 /* ViewController.swift */ = {isa = PBXFileReference; lastKnownFileType = sourcecode.swift; path = ViewController.swift; sourceTree = "<group>"; };
		BFA2B5342535E6B300217A67 /* Base */ = {isa = PBXFileReference; lastKnownFileType = file.storyboard; name = Base; path = Base.lproj/Main.storyboard; sourceTree = "<group>"; };
		BFA2B5362535E6B400217A67 /* Assets.xcassets */ = {isa = PBXFileReference; lastKnownFileType = folder.assetcatalog; path = Assets.xcassets; sourceTree = "<group>"; };
		BFA2B5392535E6B400217A67 /* Base */ = {isa = PBXFileReference; lastKnownFileType = file.storyboard; name = Base; path = Base.lproj/LaunchScreen.storyboard; sourceTree = "<group>"; };
		BFA2B53B2535E6B400217A67 /* Info.plist */ = {isa = PBXFileReference; lastKnownFileType = text.plist.xml; path = Info.plist; sourceTree = "<group>"; };
		BFA2B5422535E6FC00217A67 /* harrypotter.mp4 */ = {isa = PBXFileReference; lastKnownFileType = file; path = harrypotter.mp4; sourceTree = "<group>"; };
/* End PBXFileReference section */

/* Begin PBXFrameworksBuildPhase section */
		BFA2B5272535E6B300217A67 /* Frameworks */ = {
			isa = PBXFrameworksBuildPhase;
			buildActionMask = 2147483647;
			files = (
			);
			runOnlyForDeploymentPostprocessing = 0;
		};
/* End PBXFrameworksBuildPhase section */

/* Begin PBXGroup section */
		BFA2B5212535E6B300217A67 = {
			isa = PBXGroup;
			children = (
				BFA2B52C2535E6B300217A67 /* MagicPaper */,
				BFA2B52B2535E6B300217A67 /* Products */,
			);
			sourceTree = "<group>";
		};
		BFA2B52B2535E6B300217A67 /* Products */ = {
			isa = PBXGroup;
			children = (
				BFA2B52A2535E6B300217A67 /* MagicPaper.app */,
			);
			name = Products;
			sourceTree = "<group>";
		};
		BFA2B52C2535E6B300217A67 /* MagicPaper */ = {
			isa = PBXGroup;
			children = (
				BFA2B5422535E6FC00217A67 /* harrypotter.mp4 */,
				BFA2B52D2535E6B300217A67 /* AppDelegate.swift */,
				BFA2B52F2535E6B300217A67 /* art.scnassets */,
				BFA2B5312535E6B300217A67 /* ViewController.swift */,
				BFA2B5332535E6B300217A67 /* Main.storyboard */,
				BFA2B5362535E6B400217A67 /* Assets.xcassets */,
				BFA2B5382535E6B400217A67 /* LaunchScreen.storyboard */,
				BFA2B53B2535E6B400217A67 /* Info.plist */,
			);
			path = MagicPaper;
			sourceTree = "<group>";
		};
/* End PBXGroup section */

/* Begin PBXNativeTarget section */
		BFA2B5292535E6B300217A67 /* MagicPaper */ = {
			isa = PBXNativeTarget;
			buildConfigurationList = BFA2B53E2535E6B400217A67 /* Build configuration list for PBXNativeTarget "MagicPaper" */;
			buildPhases = (
				BFA2B5262535E6B300217A67 /* Sources */,
				BFA2B5272535E6B300217A67 /* Frameworks */,
				BFA2B5282535E6B300217A67 /* Resources */,
			);
			buildRules = (
			);
			dependencies = (
			);
			name = MagicPaper;
			productName = MagicPaper;
			productReference = BFA2B52A2535E6B300217A67 /* MagicPaper.app */;
			productType = "com.apple.product-type.application";
		};
/* End PBXNativeTarget section */

/* Begin PBXProject section */
		BFA2B5222535E6B300217A67 /* Project object */ = {
			isa = PBXProject;
			attributes = {
				LastSwiftUpdateCheck = 1200;
				LastUpgradeCheck = 1200;
				ORGANIZATIONNAME = "Uladzislau Dubouski";
				TargetAttributes = {
					BFA2B5292535E6B300217A67 = {
						CreatedOnToolsVersion = 12.0.1;
					};
				};
			};
			buildConfigurationList = BFA2B5252535E6B300217A67 /* Build configuration list for PBXProject "MagicPaper" */;
			compatibilityVersion = "Xcode 9.3";
			developmentRegion = en;
			hasScannedForEncodings = 0;
			knownRegions = (
				en,
				Base,
			);
			mainGroup = BFA2B5212535E6B300217A67;
			productRefGroup = BFA2B52B2535E6B300217A67 /* Products */;
			projectDirPath = "";
			projectRoot = "";
			targets = (
				BFA2B5292535E6B300217A67 /* MagicPaper */,
			);
		};
/* End PBXProject section */

/* Begin PBXResourcesBuildPhase section */
		BFA2B5282535E6B300217A67 /* Resources */ = {
			isa = PBXResourcesBuildPhase;
			buildActionMask = 2147483647;
			files = (
				BFA2B5302535E6B300217A67 /* art.scnassets in Resources */,
				BFA2B53A2535E6B400217A67 /* LaunchScreen.storyboard in Resources */,
				BFA2B5432535E6FC00217A67 /* harrypotter.mp4 in Resources */,
				BFA2B5372535E6B400217A67 /* Assets.xcassets in Resources */,
				BFA2B5352535E6B300217A67 /* Main.storyboard in Resources */,
			);
			runOnlyForDeploymentPostprocessing = 0;
		};
/* End PBXResourcesBuildPhase section */

/* Begin PBXSourcesBuildPhase section */
		BFA2B5262535E6B300217A67 /* Sources */ = {
			isa = PBXSourcesBuildPhase;
			buildActionMask = 2147483647;
			files = (
				BFA2B5322535E6B300217A67 /* ViewController.swift in Sources */,
				BFA2B52E2535E6B300217A67 /* AppDelegate.swift in Sources */,
			);
			runOnlyForDeploymentPostprocessing = 0;
		};
/* End PBXSourcesBuildPhase section */

/* Begin PBXVariantGroup section */
		BFA2B5332535E6B300217A67 /* Main.storyboard */ = {
			isa = PBXVariantGroup;
			children = (
				BFA2B5342535E6B300217A67 /* Base */,
			);
			name = Main.storyboard;
			sourceTree = "<group>";
		};
		BFA2B5382535E6B400217A67 /* LaunchScreen.storyboard */ = {
			isa = PBXVariantGroup;
			children = (
				BFA2B5392535E6B400217A67 /* Base */,
			);
			name = LaunchScreen.storyboard;
			sourceTree = "<group>";
		};
/* End PBXVariantGroup section */

/* Begin XCBuildConfiguration section */
		BFA2B53C2535E6B400217A67 /* Debug */ = {
			isa = XCBuildConfiguration;
			buildSettings = {
				ALWAYS_SEARCH_USER_PATHS = NO;
				CLANG_ANALYZER_NONNULL = YES;
				CLANG_ANALYZER_NUMBER_OBJECT_CONVERSION = YES_AGGRESSIVE;
				CLANG_CXX_LANGUAGE_STANDARD = "gnu++14";
				CLANG_CXX_LIBRARY = "libc++";
				CLANG_ENABLE_MODULES = YES;
				CLANG_ENABLE_OBJC_ARC = YES;
				CLANG_ENABLE_OBJC_WEAK = YES;
				CLANG_WARN_BLOCK_CAPTURE_AUTORELEASING = YES;
				CLANG_WARN_BOOL_CONVERSION = YES;
				CLANG_WARN_COMMA = YES;
				CLANG_WARN_CONSTANT_CONVERSION = YES;
				CLANG_WARN_DEPRECATED_OBJC_IMPLEMENTATIONS = YES;
				CLANG_WARN_DIRECT_OBJC_ISA_USAGE = YES_ERROR;
				CLANG_WARN_DOCUMENTATION_COMMENTS = YES;
				CLANG_WARN_EMPTY_BODY = YES;
				CLANG_WARN_ENUM_CONVERSION = YES;
				CLANG_WARN_INFINITE_RECURSION = YES;
				CLANG_WARN_INT_CONVERSION = YES;
				CLANG_WARN_NON_LITERAL_NULL_CONVERSION = YES;
				CLANG_WARN_OBJC_IMPLICIT_RETAIN_SELF = YES;
				CLANG_WARN_OBJC_LITERAL_CONVERSION = YES;
				CLANG_WARN_OBJC_ROOT_CLASS = YES_ERROR;
				CLANG_WARN_QUOTED_INCLUDE_IN_FRAMEWORK_HEADER = YES;
				CLANG_WARN_RANGE_LOOP_ANALYSIS = YES;
				CLANG_WARN_STRICT_PROTOTYPES = YES;
				CLANG_WARN_SUSPICIOUS_MOVE = YES;
				CLANG_WARN_UNGUARDED_AVAILABILITY = YES_AGGRESSIVE;
				CLANG_WARN_UNREACHABLE_CODE = YES;
				CLANG_WARN__DUPLICATE_METHOD_MATCH = YES;
				COPY_PHASE_STRIP = NO;
				DEBUG_INFORMATION_FORMAT = dwarf;
				ENABLE_STRICT_OBJC_MSGSEND = YES;
				ENABLE_TESTABILITY = YES;
				GCC_C_LANGUAGE_STANDARD = gnu11;
				GCC_DYNAMIC_NO_PIC = NO;
				GCC_NO_COMMON_BLOCKS = YES;
				GCC_OPTIMIZATION_LEVEL = 0;
				GCC_PREPROCESSOR_DEFINITIONS = (
					"DEBUG=1",
					"$(inherited)",
				);
				GCC_WARN_64_TO_32_BIT_CONVERSION = YES;
				GCC_WARN_ABOUT_RETURN_TYPE = YES_ERROR;
				GCC_WARN_UNDECLARED_SELECTOR = YES;
				GCC_WARN_UNINITIALIZED_AUTOS = YES_AGGRESSIVE;
				GCC_WARN_UNUSED_FUNCTION = YES;
				GCC_WARN_UNUSED_VARIABLE = YES;
				IPHONEOS_DEPLOYMENT_TARGET = 14.0;
				MTL_ENABLE_DEBUG_INFO = INCLUDE_SOURCE;
				MTL_FAST_MATH = YES;
				ONLY_ACTIVE_ARCH = YES;
				SDKROOT = iphoneos;
				SWIFT_ACTIVE_COMPILATION_CONDITIONS = DEBUG;
				SWIFT_OPTIMIZATION_LEVEL = "-Onone";
			};
			name = Debug;
		};
		BFA2B53D2535E6B400217A67 /* Release */ = {
			isa = XCBuildConfiguration;
			buildSettings = {
				ALWAYS_SEARCH_USER_PATHS = NO;
				CLANG_ANALYZER_NONNULL = YES;
				CLANG_ANALYZER_NUMBER_OBJECT_CONVERSION = YES_AGGRESSIVE;
				CLANG_CXX_LANGUAGE_STANDARD = "gnu++14";
				CLANG_CXX_LIBRARY = "libc++";
				CLANG_ENABLE_MODULES = YES;
				CLANG_ENABLE_OBJC_ARC = YES;
				CLANG_ENABLE_OBJC_WEAK = YES;
				CLANG_WARN_BLOCK_CAPTURE_AUTORELEASING = YES;
				CLANG_WARN_BOOL_CONVERSION = YES;
				CLANG_WARN_COMMA = YES;
				CLANG_WARN_CONSTANT_CONVERSION = YES;
				CLANG_WARN_DEPRECATED_OBJC_IMPLEMENTATIONS = YES;
				CLANG_WARN_DIRECT_OBJC_ISA_USAGE = YES_ERROR;
				CLANG_WARN_DOCUMENTATION_COMMENTS = YES;
				CLANG_WARN_EMPTY_BODY = YES;
				CLANG_WARN_ENUM_CONVERSION = YES;
				CLANG_WARN_INFINITE_RECURSION = YES;
				CLANG_WARN_INT_CONVERSION = YES;
				CLANG_WARN_NON_LITERAL_NULL_CONVERSION = YES;
				CLANG_WARN_OBJC_IMPLICIT_RETAIN_SELF = YES;
				CLANG_WARN_OBJC_LITERAL_CONVERSION = YES;
				CLANG_WARN_OBJC_ROOT_CLASS = YES_ERROR;
				CLANG_WARN_QUOTED_INCLUDE_IN_FRAMEWORK_HEADER = YES;
				CLANG_WARN_RANGE_LOOP_ANALYSIS = YES;
				CLANG_WARN_STRICT_PROTOTYPES = YES;
				CLANG_WARN_SUSPICIOUS_MOVE = YES;
				CLANG_WARN_UNGUARDED_AVAILABILITY = YES_AGGRESSIVE;
				CLANG_WARN_UNREACHABLE_CODE = YES;
				CLANG_WARN__DUPLICATE_METHOD_MATCH = YES;
				COPY_PHASE_STRIP = NO;
				DEBUG_INFORMATION_FORMAT = "dwarf-with-dsym";
				ENABLE_NS_ASSERTIONS = NO;
				ENABLE_STRICT_OBJC_MSGSEND = YES;
				GCC_C_LANGUAGE_STANDARD = gnu11;
				GCC_NO_COMMON_BLOCKS = YES;
				GCC_WARN_64_TO_32_BIT_CONVERSION = YES;
				GCC_WARN_ABOUT_RETURN_TYPE = YES_ERROR;
				GCC_WARN_UNDECLARED_SELECTOR = YES;
				GCC_WARN_UNINITIALIZED_AUTOS = YES_AGGRESSIVE;
				GCC_WARN_UNUSED_FUNCTION = YES;
				GCC_WARN_UNUSED_VARIABLE = YES;
				IPHONEOS_DEPLOYMENT_TARGET = 14.0;
				MTL_ENABLE_DEBUG_INFO = NO;
				MTL_FAST_MATH = YES;
				SDKROOT = iphoneos;
				SWIFT_COMPILATION_MODE = wholemodule;
				SWIFT_OPTIMIZATION_LEVEL = "-O";
				VALIDATE_PRODUCT = YES;
			};
			name = Release;
		};
		BFA2B53F2535E6B400217A67 /* Debug */ = {
			isa = XCBuildConfiguration;
			buildSettings = {
				ASSETCATALOG_COMPILER_APPICON_NAME = AppIcon;
				ASSETCATALOG_COMPILER_GLOBAL_ACCENT_COLOR_NAME = AccentColor;
				CODE_SIGN_STYLE = Automatic;
				DEVELOPMENT_TEAM = DTN57JRYX8;
				INFOPLIST_FILE = MagicPaper/Info.plist;
				LD_RUNPATH_SEARCH_PATHS = (
					"$(inherited)",
					"@executable_path/Frameworks",
				);
				PRODUCT_BUNDLE_IDENTIFIER = com.udubouski.MagicPaper;
				PRODUCT_NAME = "$(TARGET_NAME)";
				SWIFT_VERSION = 5.0;
				TARGETED_DEVICE_FAMILY = "1,2";
			};
			name = Debug;
		};
		BFA2B5402535E6B400217A67 /* Release */ = {
			isa = XCBuildConfiguration;
			buildSettings = {
				ASSETCATALOG_COMPILER_APPICON_NAME = AppIcon;
				ASSETCATALOG_COMPILER_GLOBAL_ACCENT_COLOR_NAME = AccentColor;
				CODE_SIGN_STYLE = Automatic;
				DEVELOPMENT_TEAM = DTN57JRYX8;
				INFOPLIST_FILE = MagicPaper/Info.plist;
				LD_RUNPATH_SEARCH_PATHS = (
					"$(inherited)",
					"@executable_path/Frameworks",
				);
				PRODUCT_BUNDLE_IDENTIFIER = com.udubouski.MagicPaper;
				PRODUCT_NAME = "$(TARGET_NAME)";
				SWIFT_VERSION = 5.0;
				TARGETED_DEVICE_FAMILY = "1,2";
			};
			name = Release;
		};
/* End XCBuildConfiguration section */

/* Begin XCConfigurationList section */
		BFA2B5252535E6B300217A67 /* Build configuration list for PBXProject "MagicPaper" */ = {
			isa = XCConfigurationList;
			buildConfigurations = (
				BFA2B53C2535E6B400217A67 /* Debug */,
				BFA2B53D2535E6B400217A67 /* Release */,
			);
			defaultConfigurationIsVisible = 0;
			defaultConfigurationName = Release;
		};
		BFA2B53E2535E6B400217A67 /* Build configuration list for PBXNativeTarget "MagicPaper" */ = {
			isa = XCConfigurationList;
			buildConfigurations = (
				BFA2B53F2535E6B400217A67 /* Debug */,
				BFA2B5402535E6B400217A67 /* Release */,
			);
			defaultConfigurationIsVisible = 0;
			defaultConfigurationName = Release;
		};
/* End XCConfigurationList section */
	};
	rootObject = BFA2B5222535E6B300217A67 /* Project object */;
}
